
Microsoft Visual Studio Solution File, Format Version 12.00
# Visual Studio Version 17
VisualStudioVersion = 17.3.32825.248
MinimumVisualStudioVersion = 10.0.40219.1
Project("{8BC9CEB8-8B4A-11D0-8D11-00A0C91BC942}") = "CProject", "CProject.vcxproj", "{34854186-88A4-444A-BF88-077FB2DE3F94}"
EndProject
Global
	GlobalSection(SolutionConfigurationPlatforms) = preSolution
		Debug|x64 = Debug|x64
		Debug|x86 = Debug|x86
		Release|x64 = Release|x64
		Release|x86 = Release|x86
	EndGlobalSection
	GlobalSection(ProjectConfigurationPlatforms) = postSolution
		{34854186-88A4-444A-BF88-077FB2DE3F94}.Debug|x64.ActiveCfg = Debug|x64
		{34854186-88A4-444A-BF88-077FB2DE3F94}.Debug|x64.Build.0 = Debug|x64
		{34854186-88A4-444A-BF88-077FB2DE3F94}.Debug|x86.ActiveCfg = Debug|x64
		{34854186-88A4-444A-BF88-077FB2DE3F94}.Debug|x86.Build.0 = Debug|x64
		{34854186-88A4-444A-BF88-077FB2DE3F94}.Release|x64.ActiveCfg = Release|x64
		{34854186-88A4-444A-BF88-077FB2DE3F94}.Release|x64.Build.0 = Release|x64
		{34854186-88A4-444A-BF88-077FB2DE3F94}.Release|x86.ActiveCfg = Release|Win32
		{34854186-88A4-444A-BF88-077FB2DE3F94}.Release|x86.Build.0 = Release|Win32
	EndGlobalSection
	GlobalSection(SolutionProperties) = preSolution
		HideSolutionNode = FALSE
	EndGlobalSection
	GlobalSection(ExtensibilityGlobals) = postSolution
		SolutionGuid = {D3A5410F-BA06-4348-917D-1A44ED5CCA18}
	EndGlobalSection
EndGlobal
